{
  "name": "terra",
  "version": "1.0.0",
  "lockfileVersion": 3,
  "requires": true,
  "packages": {
    "": {
      "name": "terra",
      "version": "1.0.0",
      "license": "ISC",
      "dependencies": {
        "@fontsource/ibm-plex-mono": "^5.3.0",
        "@fontsource/playfair-display": "^5.3.0",
        "@fontsource/pt-sans-narrow": "^5.3.0",
        "@fontsource/pt-serif": "^5.3.0"
      }
    },
    "node_modules/@fontsource/ibm-plex-mono": {
      "version": "5.3.0",
      "resolved": "https://registry.npmjs.org/@fontsource/ibm-plex-mono/-/ibm-plex-mono-5.3.0.tgz",
      "integrity": "sha512-eTgnZjZEGk1QtD3ZstF+Vclo2HLAni8YMy34/DxllwZvyz1lR/1RF/xTiAquOBO7MvqBx8D2Ig2WCPMVfdZu7Q==",
      "license": "OFL-1.1",
      "funding": {
        "url": "https://github.com/sponsors/ayuhito"
      }
    },
    "node_modules/@fontsource/playfair-display": {
      "version": "5.3.0",
      "resolved": "https://registry.npmjs.org/@fontsource/playfair-display/-/playfair-display-5.3.0.tgz",
      "integrity": "sha512-uJSABalvdWc10fEPppQjQocamT21LEyRfzzWfRfqbkPz+sRv+kKpYDKyluBUskvJREkJTos9epj1WjQROGu99Q==",
      "license": "OFL-1.1",
      "funding": {
        "url": "https://github.com/sponsors/ayuhito"
      }
    },
    "node_modules/@fontsource/pt-sans-narrow": {
      "version": "5.3.0",
      "resolved": "https://registry.npmjs.org/@fontsource/pt-sans-narrow/-/pt-sans-narrow-5.3.0.tgz",
      "integrity": "sha512-MVVT3W4L5TCuzSZAhsRQRWTGBhDOarcSBQ0PuuSJ44me4gMWRzz01waS/3XebrRKEyrSobted3E4aI2uudR/Og==",
      "license": "OFL-1.1",
      "funding": {
        "url": "https://github.com/sponsors/ayuhito"
      }
    },
    "node_modules/@fontsource/pt-serif": {
      "version": "5.3.0",
      "resolved": "https://registry.npmjs.org/@fontsource/pt-serif/-/pt-serif-5.3.0.tgz",
      "integrity": "sha512-ST+j/byBGZw6H+TQMX78o6Qlngfj2Va/Q9fAJxq54Is1ZQk1/FhBIuqyJcLmnpi0trG8V/hWO9Bx6ZY09A0DBQ==",
      "license": "OFL-1.1",
      "funding": {
        "url": "https://github.com/sponsors/ayuhito"
      }
    }
  }
}
